
Microsoft Visual Studio Solution File, Format Version 12.00
# Visual Studio 15
VisualStudioVersion = 15.0.27130.2026
MinimumVisualStudioVersion = 10.0.40219.1
Project("{FAE04EC0-301F-11D3-BF4B-00C04F79EFBC}") = "Assignment 1", "ConsoleApp1\Assignment 1.csproj", "{47FB5D9D-4B25-45FB-BB66-8CB6506845AD}"
EndProject
Global
	GlobalSection(SolutionConfigurationPlatforms) = preSolution
		Debug|Any CPU = Debug|Any CPU
		Release|Any CPU = Release|Any CPU
	EndGlobalSection
	GlobalSection(ProjectConfigurationPlatforms) = postSolution
		{47FB5D9D-4B25-45FB-BB66-8CB6506845AD}.Debug|Any CPU.ActiveCfg = Debug|Any CPU
		{47FB5D9D-4B25-45FB-BB66-8CB6506845AD}.Debug|Any CPU.Build.0 = Debug|Any CPU
		{47FB5D9D-4B25-45FB-BB66-8CB6506845AD}.Release|Any CPU.ActiveCfg = Release|Any CPU
		{47FB5D9D-4B25-45FB-BB66-8CB6506845AD}.Release|Any CPU.Build.0 = Release|Any CPU
	EndGlobalSection
	GlobalSection(SolutionProperties) = preSolution
		HideSolutionNode = FALSE
	EndGlobalSection
	GlobalSection(ExtensibilityGlobals) = postSolution
		SolutionGuid = {017097D0-7D93-4E8B-BDCB-8962CCAC8519}
	EndGlobalSection
EndGlobal
